// !$*UTF8*$!
{
	archiveVersion = 1;
	classes = {
	};
	objectVersion = 46;
	objects = {

/* Begin PBXBuildFile section */
		184B15DA767B4445B0EF64D3 /* libPods-PerformanceCheck.a in Frameworks */ = {isa = PBXBuildFile; fileRef = 8EE5D3E1ED4444A1917D5759 /* libPods-PerformanceCheck.a */; };
		67B8904FDD3C4309AF36C33E /* libPods-PerformanceCheckTests.a in Frameworks */ = {isa = PBXBuildFile; fileRef = F45050093E1F44CF8A604138 /* libPods-PerformanceCheckTests.a */; };
		FE0A8B851A2B30D500C129E6 /* Member.swift in Sources */ = {isa = PBXBuildFile; fileRef = FE0A8B821A2B30D500C129E6 /* Member.swift */; };
		FE0A8B861A2B30D500C129E6 /* Model.xcdatamodeld in Sources */ = {isa = PBXBuildFile; fileRef = FE0A8B831A2B30D500C129E6 /* Model.xcdatamodeld */; };
		FEB57F4E1A2B3292008CB299 /* Model.xcdatamodeld in Sources */ = {isa = PBXBuildFile; fileRef = FE0A8B831A2B30D500C129E6 /* Model.xcdatamodeld */; };
		FEBE856E1A2B1C38001D8635 /* AppDelegate.swift in Sources */ = {isa = PBXBuildFile; fileRef = FEBE856D1A2B1C38001D8635 /* AppDelegate.swift */; };
		FEBE85701A2B1C38001D8635 /* ViewController.swift in Sources */ = {isa = PBXBuildFile; fileRef = FEBE856F1A2B1C38001D8635 /* ViewController.swift */; };
		FEBE85731A2B1C38001D8635 /* Main.storyboard in Resources */ = {isa = PBXBuildFile; fileRef = FEBE85711A2B1C38001D8635 /* Main.storyboard */; };
		FEBE85751A2B1C38001D8635 /* Images.xcassets in Resources */ = {isa = PBXBuildFile; fileRef = FEBE85741A2B1C38001D8635 /* Images.xcassets */; };
		FEBE85781A2B1C38001D8635 /* LaunchScreen.xib in Resources */ = {isa = PBXBuildFile; fileRef = FEBE85761A2B1C38001D8635 /* LaunchScreen.xib */; };
		FEBE85841A2B1C38001D8635 /* PerformanceCheckTests.swift in Sources */ = {isa = PBXBuildFile; fileRef = FEBE85831A2B1C38001D8635 /* PerformanceCheckTests.swift */; };
		FEBE858F1A2B1E3F001D8635 /* PerfomanceCheckTests.m in Sources */ = {isa = PBXBuildFile; fileRef = FEBE858E1A2B1E3F001D8635 /* PerfomanceCheckTests.m */; };
/* End PBXBuildFile section */

/* Begin PBXContainerItemProxy section */
		FEBE857E1A2B1C38001D8635 /* PBXContainerItemProxy */ = {
			isa = PBXContainerItemProxy;
			containerPortal = FEBE85601A2B1C38001D8635 /* Project object */;
			proxyType = 1;
			remoteGlobalIDString = FEBE85671A2B1C38001D8635;
			remoteInfo = PerformanceCheck;
		};
/* End PBXContainerItemProxy section */

/* Begin PBXFileReference section */
		5C617CA243AC0F024125C74D /* Pods-PerformanceCheckTests.debug.xcconfig */ = {isa = PBXFileReference; includeInIndex = 1; lastKnownFileType = text.xcconfig; name = "Pods-PerformanceCheckTests.debug.xcconfig"; path = "Pods/Target Support Files/Pods-PerformanceCheckTests/Pods-PerformanceCheckTests.debug.xcconfig"; sourceTree = "<group>"; };
		5F78730662F4804E42077B2C /* Pods-PerformanceCheck.release.xcconfig */ = {isa = PBXFileReference; includeInIndex = 1; lastKnownFileType = text.xcconfig; name = "Pods-PerformanceCheck.release.xcconfig"; path = "Pods/Target Support Files/Pods-PerformanceCheck/Pods-PerformanceCheck.release.xcconfig"; sourceTree = "<group>"; };
		8414A1C9FE5BC0D6710DE368 /* Pods-PerformanceCheckTests.release.xcconfig */ = {isa = PBXFileReference; includeInIndex = 1; lastKnownFileType = text.xcconfig; name = "Pods-PerformanceCheckTests.release.xcconfig"; path = "Pods/Target Support Files/Pods-PerformanceCheckTests/Pods-PerformanceCheckTests.release.xcconfig"; sourceTree = "<group>"; };
		8EE5D3E1ED4444A1917D5759 /* libPods-PerformanceCheck.a */ = {isa = PBXFileReference; explicitFileType = archive.ar; includeInIndex = 0; path = "libPods-PerformanceCheck.a"; sourceTree = BUILT_PRODUCTS_DIR; };
		BD16EF8CABCFD390E62AD484 /* Pods-PerformanceCheck.debug.xcconfig */ = {isa = PBXFileReference; includeInIndex = 1; lastKnownFileType = text.xcconfig; name = "Pods-PerformanceCheck.debug.xcconfig"; path = "Pods/Target Support Files/Pods-PerformanceCheck/Pods-PerformanceCheck.debug.xcconfig"; sourceTree = "<group>"; };
		F45050093E1F44CF8A604138 /* libPods-PerformanceCheckTests.a */ = {isa = PBXFileReference; explicitFileType = archive.ar; includeInIndex = 0; path = "libPods-PerformanceCheckTests.a"; sourceTree = BUILT_PRODUCTS_DIR; };
		FE0A8B821A2B30D500C129E6 /* Member.swift */ = {isa = PBXFileReference; fileEncoding = 4; lastKnownFileType = sourcecode.swift; path = Member.swift; sourceTree = "<group>"; };
		FE0A8B841A2B30D500C129E6 /* Model.xcdatamodel */ = {isa = PBXFileReference; lastKnownFileType = wrapper.xcdatamodel; path = Model.xcdatamodel; sourceTree = "<group>"; };
		FEBE85681A2B1C38001D8635 /* PerformanceCheck.app */ = {isa = PBXFileReference; explicitFileType = wrapper.application; includeInIndex = 0; path = PerformanceCheck.app; sourceTree = BUILT_PRODUCTS_DIR; };
		FEBE856C1A2B1C38001D8635 /* Info.plist */ = {isa = PBXFileReference; lastKnownFileType = text.plist.xml; path = Info.plist; sourceTree = "<group>"; };
		FEBE856D1A2B1C38001D8635 /* AppDelegate.swift */ = {isa = PBXFileReference; lastKnownFileType = sourcecode.swift; path = AppDelegate.swift; sourceTree = "<group>"; };
		FEBE856F1A2B1C38001D8635 /* ViewController.swift */ = {isa = PBXFileReference; lastKnownFileType = sourcecode.swift; path = ViewController.swift; sourceTree = "<group>"; };
		FEBE85721A2B1C38001D8635 /* Base */ = {isa = PBXFileReference; lastKnownFileType = file.storyboard; name = Base; path = Base.lproj/Main.storyboard; sourceTree = "<group>"; };
		FEBE85741A2B1C38001D8635 /* Images.xcassets */ = {isa = PBXFileReference; lastKnownFileType = folder.assetcatalog; path = Images.xcassets; sourceTree = "<group>"; };
		FEBE85771A2B1C38001D8635 /* Base */ = {isa = PBXFileReference; lastKnownFileType = file.xib; name = Base; path = Base.lproj/LaunchScreen.xib; sourceTree = "<group>"; };
		FEBE857D1A2B1C38001D8635 /* PerformanceCheckTests.xctest */ = {isa = PBXFileReference; explicitFileType = wrapper.cfbundle; includeInIndex = 0; path = PerformanceCheckTests.xctest; sourceTree = BUILT_PRODUCTS_DIR; };
		FEBE85821A2B1C38001D8635 /* Info.plist */ = {isa = PBXFileReference; lastKnownFileType = text.plist.xml; path = Info.plist; sourceTree = "<group>"; };
		FEBE85831A2B1C38001D8635 /* PerformanceCheckTests.swift */ = {isa = PBXFileReference; lastKnownFileType = sourcecode.swift; path = PerformanceCheckTests.swift; sourceTree = "<group>"; };
		FEBE858D1A2B1E3F001D8635 /* PerformanceCheckTests-Bridging-Header.h */ = {isa = PBXFileReference; lastKnownFileType = sourcecode.c.h; path = "PerformanceCheckTests-Bridging-Header.h"; sourceTree = "<group>"; };
		FEBE858E1A2B1E3F001D8635 /* PerfomanceCheckTests.m */ = {isa = PBXFileReference; fileEncoding = 4; lastKnownFileType = sourcecode.c.objc; path = PerfomanceCheckTests.m; sourceTree = "<group>"; };
/* End PBXFileReference section */

/* Begin PBXFrameworksBuildPhase section */
		FEBE85651A2B1C38001D8635 /* Frameworks */ = {
			isa = PBXFrameworksBuildPhase;
			buildActionMask = 2147483647;
			files = (
				184B15DA767B4445B0EF64D3 /* libPods-PerformanceCheck.a in Frameworks */,
			);
			runOnlyForDeploymentPostprocessing = 0;
		};
		FEBE857A1A2B1C38001D8635 /* Frameworks */ = {
			isa = PBXFrameworksBuildPhase;
			buildActionMask = 2147483647;
			files = (
				67B8904FDD3C4309AF36C33E /* libPods-PerformanceCheckTests.a in Frameworks */,
			);
			runOnlyForDeploymentPostprocessing = 0;
		};
/* End PBXFrameworksBuildPhase section */

/* Begin PBXGroup section */
		4471609D595B48E8AAF63827 /* Frameworks */ = {
			isa = PBXGroup;
			children = (
				8EE5D3E1ED4444A1917D5759 /* libPods-PerformanceCheck.a */,
				F45050093E1F44CF8A604138 /* libPods-PerformanceCheckTests.a */,
			);
			name = Frameworks;
			sourceTree = "<group>";
		};
		4481879574053ABE6012B845 /* Pods */ = {
			isa = PBXGroup;
			children = (
				BD16EF8CABCFD390E62AD484 /* Pods-PerformanceCheck.debug.xcconfig */,
				5F78730662F4804E42077B2C /* Pods-PerformanceCheck.release.xcconfig */,
				5C617CA243AC0F024125C74D /* Pods-PerformanceCheckTests.debug.xcconfig */,
				8414A1C9FE5BC0D6710DE368 /* Pods-PerformanceCheckTests.release.xcconfig */,
			);
			name = Pods;
			sourceTree = "<group>";
		};
		FEBE855F1A2B1C38001D8635 = {
			isa = PBXGroup;
			children = (
				FEBE856A1A2B1C38001D8635 /* PerformanceCheck */,
				FEBE85801A2B1C38001D8635 /* PerformanceCheckTests */,
				FEBE85691A2B1C38001D8635 /* Products */,
				4471609D595B48E8AAF63827 /* Frameworks */,
				4481879574053ABE6012B845 /* Pods */,
			);
			sourceTree = "<group>";
		};
		FEBE85691A2B1C38001D8635 /* Products */ = {
			isa = PBXGroup;
			children = (
				FEBE85681A2B1C38001D8635 /* PerformanceCheck.app */,
				FEBE857D1A2B1C38001D8635 /* PerformanceCheckTests.xctest */,
			);
			name = Products;
			sourceTree = "<group>";
		};
		FEBE856A1A2B1C38001D8635 /* PerformanceCheck */ = {
			isa = PBXGroup;
			children = (
				FEBE856D1A2B1C38001D8635 /* AppDelegate.swift */,
				FEBE856F1A2B1C38001D8635 /* ViewController.swift */,
				FEBE85711A2B1C38001D8635 /* Main.storyboard */,
				FEBE85741A2B1C38001D8635 /* Images.xcassets */,
				FEBE85761A2B1C38001D8635 /* LaunchScreen.xib */,
				FEBE856B1A2B1C38001D8635 /* Supporting Files */,
			);
			path = PerformanceCheck;
			sourceTree = "<group>";
		};
		FEBE856B1A2B1C38001D8635 /* Supporting Files */ = {
			isa = PBXGroup;
			children = (
				FEBE856C1A2B1C38001D8635 /* Info.plist */,
			);
			name = "Supporting Files";
			sourceTree = "<group>";
		};
		FEBE85801A2B1C38001D8635 /* PerformanceCheckTests */ = {
			isa = PBXGroup;
			children = (
				FE0A8B821A2B30D500C129E6 /* Member.swift */,
				FE0A8B831A2B30D500C129E6 /* Model.xcdatamodeld */,
				FEBE85831A2B1C38001D8635 /* PerformanceCheckTests.swift */,
				FEBE85811A2B1C38001D8635 /* Supporting Files */,
				FEBE858E1A2B1E3F001D8635 /* PerfomanceCheckTests.m */,
				FEBE858D1A2B1E3F001D8635 /* PerformanceCheckTests-Bridging-Header.h */,
			);
			path = PerformanceCheckTests;
			sourceTree = "<group>";
		};
		FEBE85811A2B1C38001D8635 /* Supporting Files */ = {
			isa = PBXGroup;
			children = (
				FEBE85821A2B1C38001D8635 /* Info.plist */,
			);
			name = "Supporting Files";
			sourceTree = "<group>";
		};
/* End PBXGroup section */

/* Begin PBXNativeTarget section */
		FEBE85671A2B1C38001D8635 /* PerformanceCheck */ = {
			isa = PBXNativeTarget;
			buildConfigurationList = FEBE85871A2B1C38001D8635 /* Build configuration list for PBXNativeTarget "PerformanceCheck" */;
			buildPhases = (
				02B916A9D817467699573C18 /* Check Pods Manifest.lock */,
				FEBE85641A2B1C38001D8635 /* Sources */,
				FEBE85651A2B1C38001D8635 /* Frameworks */,
				FEBE85661A2B1C38001D8635 /* Resources */,
				1221B665269E4D94AE384CBA /* Copy Pods Resources */,
			);
			buildRules = (
			);
			dependencies = (
			);
			name = PerformanceCheck;
			productName = PerformanceCheck;
			productReference = FEBE85681A2B1C38001D8635 /* PerformanceCheck.app */;
			productType = "com.apple.product-type.application";
		};
		FEBE857C1A2B1C38001D8635 /* PerformanceCheckTests */ = {
			isa = PBXNativeTarget;
			buildConfigurationList = FEBE858A1A2B1C38001D8635 /* Build configuration list for PBXNativeTarget "PerformanceCheckTests" */;
			buildPhases = (
				3A4AB0515DA645818D40BAA2 /* Check Pods Manifest.lock */,
				FEBE85791A2B1C38001D8635 /* Sources */,
				FEBE857A1A2B1C38001D8635 /* Frameworks */,
				FEBE857B1A2B1C38001D8635 /* Resources */,
				837D9B1D9E32454B9C5C831F /* Copy Pods Resources */,
			);
			buildRules = (
			);
			dependencies = (
				FEBE857F1A2B1C38001D8635 /* PBXTargetDependency */,
			);
			name = PerformanceCheckTests;
			productName = PerformanceCheckTests;
			productReference = FEBE857D1A2B1C38001D8635 /* PerformanceCheckTests.xctest */;
			productType = "com.apple.product-type.bundle.unit-test";
		};
/* End PBXNativeTarget section */

/* Begin PBXProject section */
		FEBE85601A2B1C38001D8635 /* Project object */ = {
			isa = PBXProject;
			attributes = {
				LastUpgradeCheck = 0620;
				ORGANIZATIONNAME = mono;
				TargetAttributes = {
					FEBE85671A2B1C38001D8635 = {
						CreatedOnToolsVersion = 6.2;
					};
					FEBE857C1A2B1C38001D8635 = {
						CreatedOnToolsVersion = 6.2;
						TestTargetID = FEBE85671A2B1C38001D8635;
					};
				};
			};
			buildConfigurationList = FEBE85631A2B1C38001D8635 /* Build configuration list for PBXProject "PerformanceCheck" */;
			compatibilityVersion = "Xcode 3.2";
			developmentRegion = English;
			hasScannedForEncodings = 0;
			knownRegions = (
				en,
				Base,
			);
			mainGroup = FEBE855F1A2B1C38001D8635;
			productRefGroup = FEBE85691A2B1C38001D8635 /* Products */;
			projectDirPath = "";
			projectRoot = "";
			targets = (
				FEBE85671A2B1C38001D8635 /* PerformanceCheck */,
				FEBE857C1A2B1C38001D8635 /* PerformanceCheckTests */,
			);
		};
/* End PBXProject section */

/* Begin PBXResourcesBuildPhase section */
		FEBE85661A2B1C38001D8635 /* Resources */ = {
			isa = PBXResourcesBuildPhase;
			buildActionMask = 2147483647;
			files = (
				FEBE85731A2B1C38001D8635 /* Main.storyboard in Resources */,
				FEBE85781A2B1C38001D8635 /* LaunchScreen.xib in Resources */,
				FEBE85751A2B1C38001D8635 /* Images.xcassets in Resources */,
			);
			runOnlyForDeploymentPostprocessing = 0;
		};
		FEBE857B1A2B1C38001D8635 /* Resources */ = {
			isa = PBXResourcesBuildPhase;
			buildActionMask = 2147483647;
			files = (
			);
			runOnlyForDeploymentPostprocessing = 0;
		};
/* End PBXResourcesBuildPhase section */

/* Begin PBXShellScriptBuildPhase section */
		02B916A9D817467699573C18 /* Check Pods Manifest.lock */ = {
			isa = PBXShellScriptBuildPhase;
			buildActionMask = 2147483647;
			files = (
			);
			inputPaths = (
			);
			name = "Check Pods Manifest.lock";
			outputPaths = (
			);
			runOnlyForDeploymentPostprocessing = 0;
			shellPath = /bin/sh;
			shellScript = "diff \"${PODS_ROOT}/../Podfile.lock\" \"${PODS_ROOT}/Manifest.lock\" > /dev/null\nif [[ $? != 0 ]] ; then\n    cat << EOM\nerror: The sandbox is not in sync with the Podfile.lock. Run 'pod install' or update your CocoaPods installation.\nEOM\n    exit 1\nfi\n";
			showEnvVarsInLog = 0;
		};
		1221B665269E4D94AE384CBA /* Copy Pods Resources */ = {
			isa = PBXShellScriptBuildPhase;
			buildActionMask = 2147483647;
			files = (
			);
			inputPaths = (
			);
			name = "Copy Pods Resources";
			outputPaths = (
			);
			runOnlyForDeploymentPostprocessing = 0;
			shellPath = /bin/sh;
			shellScript = "\"${SRCROOT}/Pods/Target Support Files/Pods-PerformanceCheck/Pods-PerformanceCheck-resources.sh\"\n";
			showEnvVarsInLog = 0;
		};
		3A4AB0515DA645818D40BAA2 /* Check Pods Manifest.lock */ = {
			isa = PBXShellScriptBuildPhase;
			buildActionMask = 2147483647;
			files = (
			);
			inputPaths = (
			);
			name = "Check Pods Manifest.lock";
			outputPaths = (
			);
			runOnlyForDeploymentPostprocessing = 0;
			shellPath = /bin/sh;
			shellScript = "diff \"${PODS_ROOT}/../Podfile.lock\" \"${PODS_ROOT}/Manifest.lock\" > /dev/null\nif [[ $? != 0 ]] ; then\n    cat << EOM\nerror: The sandbox is not in sync with the Podfile.lock. Run 'pod install' or update your CocoaPods installation.\nEOM\n    exit 1\nfi\n";
			showEnvVarsInLog = 0;
		};
		837D9B1D9E32454B9C5C831F /* Copy Pods Resources */ = {
			isa = PBXShellScriptBuildPhase;
			buildActionMask = 2147483647;
			files = (
			);
			inputPaths = (
			);
			name = "Copy Pods Resources";
			outputPaths = (
			);
			runOnlyForDeploymentPostprocessing = 0;
			shellPath = /bin/sh;
			shellScript = "\"${SRCROOT}/Pods/Target Support Files/Pods-PerformanceCheckTests/Pods-PerformanceCheckTests-resources.sh\"\n";
			showEnvVarsInLog = 0;
		};
/* End PBXShellScriptBuildPhase section */

/* Begin PBXSourcesBuildPhase section */
		FEBE85641A2B1C38001D8635 /* Sources */ = {
			isa = PBXSourcesBuildPhase;
			buildActionMask = 2147483647;
			files = (
				FEBE85701A2B1C38001D8635 /* ViewController.swift in Sources */,
				FEBE856E1A2B1C38001D8635 /* AppDelegate.swift in Sources */,
				FEB57F4E1A2B3292008CB299 /* Model.xcdatamodeld in Sources */,
			);
			runOnlyForDeploymentPostprocessing = 0;
		};
		FEBE85791A2B1C38001D8635 /* Sources */ = {
			isa = PBXSourcesBuildPhase;
			buildActionMask = 2147483647;
			files = (
				FEBE858F1A2B1E3F001D8635 /* PerfomanceCheckTests.m in Sources */,
				FE0A8B851A2B30D500C129E6 /* Member.swift in Sources */,
				FEBE85841A2B1C38001D8635 /* PerformanceCheckTests.swift in Sources */,
				FE0A8B861A2B30D500C129E6 /* Model.xcdatamodeld in Sources */,
			);
			runOnlyForDeploymentPostprocessing = 0;
		};
/* End PBXSourcesBuildPhase section */

/* Begin PBXTargetDependency section */
		FEBE857F1A2B1C38001D8635 /* PBXTargetDependency */ = {
			isa = PBXTargetDependency;
			target = FEBE85671A2B1C38001D8635 /* PerformanceCheck */;
			targetProxy = FEBE857E1A2B1C38001D8635 /* PBXContainerItemProxy */;
		};
/* End PBXTargetDependency section */

/* Begin PBXVariantGroup section */
		FEBE85711A2B1C38001D8635 /* Main.storyboard */ = {
			isa = PBXVariantGroup;
			children = (
				FEBE85721A2B1C38001D8635 /* Base */,
			);
			name = Main.storyboard;
			sourceTree = "<group>";
		};
		FEBE85761A2B1C38001D8635 /* LaunchScreen.xib */ = {
			isa = PBXVariantGroup;
			children = (
				FEBE85771A2B1C38001D8635 /* Base */,
			);
			name = LaunchScreen.xib;
			sourceTree = "<group>";
		};
/* End PBXVariantGroup section */

/* Begin XCBuildConfiguration section */
		FEBE85851A2B1C38001D8635 /* Debug */ = {
			isa = XCBuildConfiguration;
			buildSettings = {
				ALWAYS_SEARCH_USER_PATHS = NO;
				CLANG_CXX_LANGUAGE_STANDARD = "gnu++0x";
				CLANG_CXX_LIBRARY = "libc++";
				CLANG_ENABLE_MODULES = YES;
				CLANG_ENABLE_OBJC_ARC = YES;
				CLANG_WARN_BOOL_CONVERSION = YES;
				CLANG_WARN_CONSTANT_CONVERSION = YES;
				CLANG_WARN_DIRECT_OBJC_ISA_USAGE = YES_ERROR;
				CLANG_WARN_EMPTY_BODY = YES;
				CLANG_WARN_ENUM_CONVERSION = YES;
				CLANG_WARN_INT_CONVERSION = YES;
				CLANG_WARN_OBJC_ROOT_CLASS = YES_ERROR;
				CLANG_WARN_UNREACHABLE_CODE = YES;
				CLANG_WARN__DUPLICATE_METHOD_MATCH = YES;
				"CODE_SIGN_IDENTITY[sdk=iphoneos*]" = "iPhone Developer";
				COPY_PHASE_STRIP = NO;
				ENABLE_STRICT_OBJC_MSGSEND = YES;
				GCC_C_LANGUAGE_STANDARD = gnu99;
				GCC_DYNAMIC_NO_PIC = NO;
				GCC_OPTIMIZATION_LEVEL = 0;
				GCC_PREPROCESSOR_DEFINITIONS = (
					"DEBUG=1",
					"$(inherited)",
				);
				GCC_SYMBOLS_PRIVATE_EXTERN = NO;
				GCC_WARN_64_TO_32_BIT_CONVERSION = YES;
				GCC_WARN_ABOUT_RETURN_TYPE = YES_ERROR;
				GCC_WARN_UNDECLARED_SELECTOR = YES;
				GCC_WARN_UNINITIALIZED_AUTOS = YES_AGGRESSIVE;
				GCC_WARN_UNUSED_FUNCTION = YES;
				GCC_WARN_UNUSED_VARIABLE = YES;
				IPHONEOS_DEPLOYMENT_TARGET = 8.0;
				MTL_ENABLE_DEBUG_INFO = YES;
				ONLY_ACTIVE_ARCH = YES;
				SDKROOT = iphoneos;
				SWIFT_OPTIMIZATION_LEVEL = "-Onone";
				TARGETED_DEVICE_FAMILY = "1,2";
			};
			name = Debug;
		};
		FEBE85861A2B1C38001D8635 /* Release */ = {
			isa = XCBuildConfiguration;
			buildSettings = {
				ALWAYS_SEARCH_USER_PATHS = NO;
				CLANG_CXX_LANGUAGE_STANDARD = "gnu++0x";
				CLANG_CXX_LIBRARY = "libc++";
				CLANG_ENABLE_MODULES = YES;
				CLANG_ENABLE_OBJC_ARC = YES;
				CLANG_WARN_BOOL_CONVERSION = YES;
				CLANG_WARN_CONSTANT_CONVERSION = YES;
				CLANG_WARN_DIRECT_OBJC_ISA_USAGE = YES_ERROR;
				CLANG_WARN_EMPTY_BODY = YES;
				CLANG_WARN_ENUM_CONVERSION = YES;
				CLANG_WARN_INT_CONVERSION = YES;
				CLANG_WARN_OBJC_ROOT_CLASS = YES_ERROR;
				CLANG_WARN_UNREACHABLE_CODE = YES;
				CLANG_WARN__DUPLICATE_METHOD_MATCH = YES;
				"CODE_SIGN_IDENTITY[sdk=iphoneos*]" = "iPhone Developer";
				COPY_PHASE_STRIP = YES;
				ENABLE_NS_ASSERTIONS = NO;
				ENABLE_STRICT_OBJC_MSGSEND = YES;
				GCC_C_LANGUAGE_STANDARD = gnu99;
				GCC_WARN_64_TO_32_BIT_CONVERSION = YES;
				GCC_WARN_ABOUT_RETURN_TYPE = YES_ERROR;
				GCC_WARN_UNDECLARED_SELECTOR = YES;
				GCC_WARN_UNINITIALIZED_AUTOS = YES_AGGRESSIVE;
				GCC_WARN_UNUSED_FUNCTION = YES;
				GCC_WARN_UNUSED_VARIABLE = YES;
				IPHONEOS_DEPLOYMENT_TARGET = 8.0;
				MTL_ENABLE_DEBUG_INFO = NO;
				SDKROOT = iphoneos;
				TARGETED_DEVICE_FAMILY = "1,2";
				VALIDATE_PRODUCT = YES;
			};
			name = Release;
		};
		FEBE85881A2B1C38001D8635 /* Debug */ = {
			isa = XCBuildConfiguration;
			baseConfigurationReference = BD16EF8CABCFD390E62AD484 /* Pods-PerformanceCheck.debug.xcconfig */;
			buildSettings = {
				ASSETCATALOG_COMPILER_APPICON_NAME = AppIcon;
				INFOPLIST_FILE = PerformanceCheck/Info.plist;
				LD_RUNPATH_SEARCH_PATHS = "$(inherited) @executable_path/Frameworks";
				PRODUCT_NAME = "$(TARGET_NAME)";
			};
			name = Debug;
		};
		FEBE85891A2B1C38001D8635 /* Release */ = {
			isa = XCBuildConfiguration;
			baseConfigurationReference = 5F78730662F4804E42077B2C /* Pods-PerformanceCheck.release.xcconfig */;
			buildSettings = {
				ASSETCATALOG_COMPILER_APPICON_NAME = AppIcon;
				GCC_OPTIMIZATION_LEVEL = s;
				INFOPLIST_FILE = PerformanceCheck/Info.plist;
				LD_RUNPATH_SEARCH_PATHS = "$(inherited) @executable_path/Frameworks";
				PRODUCT_NAME = "$(TARGET_NAME)";
				SWIFT_OPTIMIZATION_LEVEL = "-O";
			};
			name = Release;
		};
		FEBE858B1A2B1C38001D8635 /* Debug */ = {
			isa = XCBuildConfiguration;
			baseConfigurationReference = 5C617CA243AC0F024125C74D /* Pods-PerformanceCheckTests.debug.xcconfig */;
			buildSettings = {
				BUNDLE_LOADER = "$(TEST_HOST)";
				CLANG_ENABLE_MODULES = YES;
				FRAMEWORK_SEARCH_PATHS = (
					"$(SDKROOT)/Developer/Library/Frameworks",
					"$(inherited)",
				);
				GCC_PREPROCESSOR_DEFINITIONS = (
					"DEBUG=1",
					"$(inherited)",
				);
				INFOPLIST_FILE = PerformanceCheckTests/Info.plist;
				LD_RUNPATH_SEARCH_PATHS = "$(inherited) @executable_path/Frameworks @loader_path/Frameworks";
				PRODUCT_NAME = "$(TARGET_NAME)";
				SWIFT_OBJC_BRIDGING_HEADER = "PerformanceCheckTests/PerformanceCheckTests-Bridging-Header.h";
				SWIFT_OPTIMIZATION_LEVEL = "-Onone";
				TEST_HOST = "$(BUILT_PRODUCTS_DIR)/PerformanceCheck.app/PerformanceCheck";
			};
			name = Debug;
		};
		FEBE858C1A2B1C38001D8635 /* Release */ = {
			isa = XCBuildConfiguration;
			baseConfigurationReference = 8414A1C9FE5BC0D6710DE368 /* Pods-PerformanceCheckTests.release.xcconfig */;
			buildSettings = {
				BUNDLE_LOADER = "$(TEST_HOST)";
				CLANG_ENABLE_MODULES = YES;
				FRAMEWORK_SEARCH_PATHS = (
					"$(SDKROOT)/Developer/Library/Frameworks",
					"$(inherited)",
				);
				INFOPLIST_FILE = PerformanceCheckTests/Info.plist;
				LD_RUNPATH_SEARCH_PATHS = "$(inherited) @executable_path/Frameworks @loader_path/Frameworks";
				PRODUCT_NAME = "$(TARGET_NAME)";
				SWIFT_OBJC_BRIDGING_HEADER = "PerformanceCheckTests/PerformanceCheckTests-Bridging-Header.h";
				TEST_HOST = "$(BUILT_PRODUCTS_DIR)/PerformanceCheck.app/PerformanceCheck";
			};
			name = Release;
		};
/* End XCBuildConfiguration section */

/* Begin XCConfigurationList section */
		FEBE85631A2B1C38001D8635 /* Build configuration list for PBXProject "PerformanceCheck" */ = {
			isa = XCConfigurationList;
			buildConfigurations = (
				FEBE85851A2B1C38001D8635 /* Debug */,
				FEBE85861A2B1C38001D8635 /* Release */,
			);
			defaultConfigurationIsVisible = 0;
			defaultConfigurationName = Release;
		};
		FEBE85871A2B1C38001D8635 /* Build configuration list for PBXNativeTarget "PerformanceCheck" */ = {
			isa = XCConfigurationList;
			buildConfigurations = (
				FEBE85881A2B1C38001D8635 /* Debug */,
				FEBE85891A2B1C38001D8635 /* Release */,
			);
			defaultConfigurationIsVisible = 0;
			defaultConfigurationName = Release;
		};
		FEBE858A1A2B1C38001D8635 /* Build configuration list for PBXNativeTarget "PerformanceCheckTests" */ = {
			isa = XCConfigurationList;
			buildConfigurations = (
				FEBE858B1A2B1C38001D8635 /* Debug */,
				FEBE858C1A2B1C38001D8635 /* Release */,
			);
			defaultConfigurationIsVisible = 0;
			defaultConfigurationName = Release;
		};
/* End XCConfigurationList section */

/* Begin XCVersionGroup section */
		FE0A8B831A2B30D500C129E6 /* Model.xcdatamodeld */ = {
			isa = XCVersionGroup;
			children = (
				FE0A8B841A2B30D500C129E6 /* Model.xcdatamodel */,
			);
			currentVersion = FE0A8B841A2B30D500C129E6 /* Model.xcdatamodel */;
			path = Model.xcdatamodeld;
			sourceTree = "<group>";
			versionGroupType = wrapper.xcdatamodel;
		};
/* End XCVersionGroup section */
	};
	rootObject = FEBE85601A2B1C38001D8635 /* Project object */;
}
